
Microsoft Visual Studio Solution File, Format Version 12.00
# Visual Studio 2012
Project("{FAE04EC0-301F-11D3-BF4B-00C04F79EFBC}") = "Metadata Editor 2", "Metadata Editor 2\Metadata Editor 2.csproj", "{A03A9212-D13C-40BB-88A7-7FDF048CE287}"
EndProject
Global
	GlobalSection(SolutionConfigurationPlatforms) = preSolution
		Debug|Any CPU = Debug|Any CPU
		Release|Any CPU = Release|Any CPU
	EndGlobalSection
	GlobalSection(ProjectConfigurationPlatforms) = postSolution
		{A03A9212-D13C-40BB-88A7-7FDF048CE287}.Debug|Any CPU.ActiveCfg = Debug|Any CPU
		{A03A9212-D13C-40BB-88A7-7FDF048CE287}.Debug|Any CPU.Build.0 = Debug|Any CPU
		{A03A9212-D13C-40BB-88A7-7FDF048CE287}.Release|Any CPU.ActiveCfg = Release|Any CPU
		{A03A9212-D13C-40BB-88A7-7FDF048CE287}.Release|Any CPU.Build.0 = Release|Any CPU
	EndGlobalSection
	GlobalSection(SolutionProperties) = preSolution
		HideSolutionNode = FALSE
	EndGlobalSection
EndGlobal
